
Microsoft Visual Studio Solution File, Format Version 12.00
# Visual Studio Version 17
VisualStudioVersion = 17.11.35327.3
MinimumVisualStudioVersion = 10.0.40219.1
Project("{FAE04EC0-301F-11D3-BF4B-00C04F79EFBC}") = "Effective Mobile Internship task 2", "Effective Mobile Internship task 2\Effective Mobile Internship task 2.csproj", "{5ECDF646-5AA1-4FD5-9C7B-3A2F74C2760D}"
EndProject
Global
	GlobalSection(SolutionConfigurationPlatforms) = preSolution
		Debug|Any CPU = Debug|Any CPU
		Release|Any CPU = Release|Any CPU
	EndGlobalSection
	GlobalSection(ProjectConfigurationPlatforms) = postSolution
		{5ECDF646-5AA1-4FD5-9C7B-3A2F74C2760D}.Debug|Any CPU.ActiveCfg = Debug|Any CPU
		{5ECDF646-5AA1-4FD5-9C7B-3A2F74C2760D}.Debug|Any CPU.Build.0 = Debug|Any CPU
		{5ECDF646-5AA1-4FD5-9C7B-3A2F74C2760D}.Release|Any CPU.ActiveCfg = Release|Any CPU
		{5ECDF646-5AA1-4FD5-9C7B-3A2F74C2760D}.Release|Any CPU.Build.0 = Release|Any CPU
	EndGlobalSection
	GlobalSection(SolutionProperties) = preSolution
		HideSolutionNode = FALSE
	EndGlobalSection
	GlobalSection(ExtensibilityGlobals) = postSolution
		SolutionGuid = {C5A9B5D7-0F44-459C-ADE8-FF63A491A65C}
	EndGlobalSection
EndGlobal
